
Microsoft Visual Studio Solution File, Format Version 12.00
# Visual Studio Version 17
VisualStudioVersion = 17.6.33829.357
MinimumVisualStudioVersion = 10.0.40219.1
Project("{2150E333-8FDC-42A3-9474-1A3956D46DE8}") = "Modules", "Modules", "{9941341F-1EAF-42DD-925F-7C861E823BDA}"
EndProject
Project("{2150E333-8FDC-42A3-9474-1A3956D46DE8}") = "PlayerCharacter", "PlayerCharacter", "{4400F336-88DF-4898-8244-5634F3D7818A}"
EndProject
Project("{2150E333-8FDC-42A3-9474-1A3956D46DE8}") = "src", "src", "{F301866F-75D3-4E13-9878-DA3D64C0244C}"
EndProject
Project("{2150E333-8FDC-42A3-9474-1A3956D46DE8}") = "tests", "tests", "{91B6569B-F129-4987-AE48-0711562C6910}"
EndProject
Project("{2150E333-8FDC-42A3-9474-1A3956D46DE8}") = "Shared", "Shared", "{7FD751C0-76D7-49A4-9887-316380F8DED9}"
EndProject
Project("{9A19103F-16F7-4668-BE54-9A1E7A4F7556}") = "Fracture.PlayerCharacter.Domain", "Modules\PlayerCharacter\src\Fracture.PlayerCharacter.Domain\Fracture.PlayerCharacter.Domain.csproj", "{8FCFE6C1-797B-4580-A5E6-BE3F8E552DC9}"
EndProject
Project("{9A19103F-16F7-4668-BE54-9A1E7A4F7556}") = "Fracture.PlayerCharacter.Infrastructure", "Modules\PlayerCharacter\src\Fracture.PlayerCharacter.Infrastructure\Fracture.PlayerCharacter.Infrastructure.csproj", "{9FEF1EF4-84D8-4D80-8CE2-F06F46666443}"
EndProject
Project("{9A19103F-16F7-4668-BE54-9A1E7A4F7556}") = "Fracture.PlayerCharacter.Application", "Modules\PlayerCharacter\src\Fracture.PlayerCharacter.Application\Fracture.PlayerCharacter.Application.csproj", "{2A4865F3-C5FE-4CDE-B802-9F77DDC6D548}"
EndProject
Project("{9A19103F-16F7-4668-BE54-9A1E7A4F7556}") = "Fracture.Server", "Server\Fracture.Server.csproj", "{D06D3FCB-F773-4E5E-A6D3-6C6D052F7996}"
EndProject
Project("{9A19103F-16F7-4668-BE54-9A1E7A4F7556}") = "Fracture.Shared.Core", "Shared\Fracture.Shared.Core\Fracture.Shared.Core.csproj", "{F61789DA-0820-4550-AC66-6D09C0F0045A}"
EndProject
Project("{2150E333-8FDC-42A3-9474-1A3956D46DE8}") = "AccountManagement", "AccountManagement", "{0E6B8DBC-CAE2-46F9-A6D5-F122F359E4D7}"
EndProject
Project("{2150E333-8FDC-42A3-9474-1A3956D46DE8}") = "Ranking", "Ranking", "{DA793277-9152-4F47-A174-1B6116F03520}"
EndProject
Project("{2150E333-8FDC-42A3-9474-1A3956D46DE8}") = "Inventory", "Inventory", "{FBC8B60D-13A5-4D44-A013-DAA19642E118}"
EndProject
Project("{2150E333-8FDC-42A3-9474-1A3956D46DE8}") = "MapGenerator", "MapGenerator", "{0441A132-4ED5-41A4-BAA6-3AB66C0F863F}"
EndProject
Project("{2150E333-8FDC-42A3-9474-1A3956D46DE8}") = "GoalManagement", "GoalManagement", "{7C6C8B1C-AC0D-438C-B14F-F3287BCE5E54}"
EndProject
Project("{2150E333-8FDC-42A3-9474-1A3956D46DE8}") = "GameplaySession", "GameplaySession", "{6CB8F2FB-0FC4-4978-9B2F-DC06F4253395}"
EndProject
Project("{2150E333-8FDC-42A3-9474-1A3956D46DE8}") = "Tavern", "Tavern", "{EE1C62CE-E39B-4134-8A4F-64DB6A960D0D}"
EndProject
Project("{2150E333-8FDC-42A3-9474-1A3956D46DE8}") = "Location", "Location", "{E85B360C-BFBF-4215-9001-B5F622D5579F}"
EndProject
Project("{2150E333-8FDC-42A3-9474-1A3956D46DE8}") = "Fight", "Fight", "{D44A14DC-46D0-4BED-AD5F-C2634223D653}"
EndProject
Project("{2150E333-8FDC-42A3-9474-1A3956D46DE8}") = "src", "src", "{9B464848-067E-4176-98FB-3B4078DECE29}"
EndProject
Project("{2150E333-8FDC-42A3-9474-1A3956D46DE8}") = "tests", "tests", "{CE3A74EA-0B76-4CE3-8F52-7B278B656202}"
EndProject
Project("{2150E333-8FDC-42A3-9474-1A3956D46DE8}") = "src", "src", "{E1CAF66F-5B3F-4DAF-A090-54BD53952E84}"
EndProject
Project("{2150E333-8FDC-42A3-9474-1A3956D46DE8}") = "tests", "tests", "{A397FFFF-AD03-4431-B19A-E40FDC39F71B}"
EndProject
Project("{2150E333-8FDC-42A3-9474-1A3956D46DE8}") = "src", "src", "{2FBB1F49-3415-4D3C-8AB7-F329ADF8E15A}"
EndProject
Project("{2150E333-8FDC-42A3-9474-1A3956D46DE8}") = "tests", "tests", "{A4174D3E-311B-4DA1-B2BF-234773B004D5}"
EndProject
Project("{2150E333-8FDC-42A3-9474-1A3956D46DE8}") = "src", "src", "{7FD96DCF-DE38-46D0-AAFC-073CE5812F17}"
EndProject
Project("{2150E333-8FDC-42A3-9474-1A3956D46DE8}") = "tests", "tests", "{8C6CAE86-CBF2-4467-8122-4F7B59FA53A7}"
EndProject
Project("{2150E333-8FDC-42A3-9474-1A3956D46DE8}") = "src", "src", "{8D65E44B-8A77-4999-9215-3063DC1449F8}"
EndProject
Project("{2150E333-8FDC-42A3-9474-1A3956D46DE8}") = "tests", "tests", "{7CC8C9E4-BEE9-466A-9392-5BEAE09027D4}"
EndProject
Project("{2150E333-8FDC-42A3-9474-1A3956D46DE8}") = "src", "src", "{2AF954C4-D7D9-4AA0-8537-6161B0D1C60C}"
EndProject
Project("{2150E333-8FDC-42A3-9474-1A3956D46DE8}") = "tests", "tests", "{DB2DE2FB-0B25-48F2-9F31-E458DC7F1A3A}"
EndProject
Project("{2150E333-8FDC-42A3-9474-1A3956D46DE8}") = "src", "src", "{652ED175-12A6-4EC1-9A4B-53F7CC9D111A}"
EndProject
Project("{2150E333-8FDC-42A3-9474-1A3956D46DE8}") = "tests", "tests", "{8276486B-ECDD-45C0-906C-E1D3ADEE23CC}"
EndProject
Project("{9A19103F-16F7-4668-BE54-9A1E7A4F7556}") = "Fracture.Fight.Application", "Modules\Fight\src\Fracture.Fight.Application\Fracture.Fight.Application.csproj", "{3B64BCB0-3AD5-4B19-92EF-E91E20B20008}"
EndProject
Project("{9A19103F-16F7-4668-BE54-9A1E7A4F7556}") = "Fracture.GameplaySession.Application", "Modules\GameplaySession\src\Fracture.GameplaySession.Application\Fracture.GameplaySession.Application.csproj", "{BB39AF0A-9830-44B1-B4FF-A9EEE95283E4}"
EndProject
Project("{9A19103F-16F7-4668-BE54-9A1E7A4F7556}") = "Fracture.GoalManagement.Application", "Modules\GoalManagement\src\Fracture.GoalManagement.Application\Fracture.GoalManagement.Application.csproj", "{E27F6FF3-1E98-4D66-B9A4-B04820279E14}"
EndProject
Project("{9A19103F-16F7-4668-BE54-9A1E7A4F7556}") = "Fracture.Inventory.Application", "Modules\Inventory\src\Fracture.Inventory.Application\Fracture.Inventory.Application.csproj", "{D493E0A4-A052-43AB-8D2E-9A99BEB2871C}"
EndProject
Project("{9A19103F-16F7-4668-BE54-9A1E7A4F7556}") = "Fracture.Location.Application", "Modules\Location\src\Fracture.Location.Application\Fracture.Location.Application.csproj", "{A962AFF9-AE47-4814-93EA-BCD599EC2A37}"
EndProject
Project("{9A19103F-16F7-4668-BE54-9A1E7A4F7556}") = "Fracture.MapGenerator.Application", "Modules\MapGenerator\src\Fracture.MapGenerator.Application\Fracture.MapGenerator.Application.csproj", "{3931EBB8-9BBB-4CA7-9C74-498D6A5610A7}"
EndProject
Project("{9A19103F-16F7-4668-BE54-9A1E7A4F7556}") = "Fracture.Fight.Infrastructure", "Modules\Fight\src\Fracture.Fight.Infrastructure\Fracture.Fight.Infrastructure.csproj", "{4B03A3BA-673D-4F87-A457-E0C1FFD795BE}"
EndProject
Project("{9A19103F-16F7-4668-BE54-9A1E7A4F7556}") = "Fracture.Fight.Domain", "Modules\Fight\src\Fracture.Fight.Domain\Fracture.Fight.Domain.csproj", "{4DB8ADAB-C0E8-44E5-890E-3F10E6AC70DD}"
EndProject
Project("{9A19103F-16F7-4668-BE54-9A1E7A4F7556}") = "Fracture.GameplaySession.Infrastructure", "Modules\GameplaySession\src\Fracture.GameplaySession.Infrastructure\Fracture.GameplaySession.Infrastructure.csproj", "{E0AFAABE-7FD9-4656-BB52-DC94A9C3EFFA}"
EndProject
Project("{9A19103F-16F7-4668-BE54-9A1E7A4F7556}") = "Fracture.GameplaySession.Domain", "Modules\GameplaySession\src\Fracture.GameplaySession.Domain\Fracture.GameplaySession.Domain.csproj", "{8F70B68B-7F87-46A6-8F91-004087061BC8}"
EndProject
Project("{9A19103F-16F7-4668-BE54-9A1E7A4F7556}") = "Fracture.GoalManagement.Domain", "Modules\GoalManagement\src\Fracture.GoalManagement.Domain\Fracture.GoalManagement.Domain.csproj", "{51616304-8A6C-4A64-9DBD-50208A1B84D1}"
EndProject
Project("{9A19103F-16F7-4668-BE54-9A1E7A4F7556}") = "Fracture.GoalManagement.Infrastructure", "Modules\GoalManagement\src\Fracture.GoalManagement.Infrastructure\Fracture.GoalManagement.Infrastructure.csproj", "{8294A3D9-38C7-484E-880D-1294823D9F99}"
EndProject
Project("{9A19103F-16F7-4668-BE54-9A1E7A4F7556}") = "Fracture.Inventory.Domain", "Modules\Inventory\src\Fracture.Inventory.Domain\Fracture.Inventory.Domain.csproj", "{40025DC9-692D-46AD-8831-F79A6B76437C}"
EndProject
Project("{9A19103F-16F7-4668-BE54-9A1E7A4F7556}") = "Fracture.Inventory.Infrastructure", "Modules\Inventory\src\Fracture.Inventory.Infrastructure\Fracture.Inventory.Infrastructure.csproj", "{428020C7-5560-435A-835E-4AA5A165288D}"
EndProject
Project("{9A19103F-16F7-4668-BE54-9A1E7A4F7556}") = "Fracture.Location.Domain", "Modules\Location\src\Fracture.Location.Domain\Fracture.Location.Domain.csproj", "{7BD68D6F-EEF7-47C5-B503-372CBC2BBCBD}"
EndProject
Project("{9A19103F-16F7-4668-BE54-9A1E7A4F7556}") = "Fracture.Location.Infrastructure", "Modules\Location\src\Fracture.Location.Infrastructure\Fracture.Location.Infrastructure.csproj", "{4186DD59-4B59-49F9-BA2D-3B2E0BDE1613}"
EndProject
Project("{9A19103F-16F7-4668-BE54-9A1E7A4F7556}") = "Fracture.MapGenerator.Domain", "Modules\MapGenerator\src\Fracture.MapGenerator.Domain\Fracture.MapGenerator.Domain.csproj", "{CF82E3C6-48B5-4F0E-A582-99E2A6C46F06}"
EndProject
Project("{9A19103F-16F7-4668-BE54-9A1E7A4F7556}") = "Fracture.MapGenerator.Infrastructure", "Modules\MapGenerator\src\Fracture.MapGenerator.Infrastructure\Fracture.MapGenerator.Infrastructure.csproj", "{BD41F239-9AA6-430D-ABD7-03455BB4A47B}"
EndProject
Project("{2150E333-8FDC-42A3-9474-1A3956D46DE8}") = "DialogManagement", "DialogManagement", "{7161A41D-4DFC-48B5-B69B-F2C73886C023}"
EndProject
Project("{2150E333-8FDC-42A3-9474-1A3956D46DE8}") = "src", "src", "{D285A11E-3947-4F45-B53D-E8003E7D131E}"
EndProject
Project("{2150E333-8FDC-42A3-9474-1A3956D46DE8}") = "tests", "tests", "{BFE2800B-294D-4CA1-A718-C5EE37F1967B}"
EndProject
Project("{9A19103F-16F7-4668-BE54-9A1E7A4F7556}") = "Fracture.DialogManagement.Application", "Modules\DialogManagement\src\Fracture.DialogManagement.Application\Fracture.DialogManagement.Application.csproj", "{51712C64-41F5-46E5-B0A9-AA0B32667015}"
EndProject
Project("{9A19103F-16F7-4668-BE54-9A1E7A4F7556}") = "Fracture.DialogManagement.Domain", "Modules\DialogManagement\src\Fracture.DialogManagement.Domain\Fracture.DialogManagement.Domain.csproj", "{9D2383C1-54D8-4AD5-9B72-8B671CA827D0}"
EndProject
Project("{9A19103F-16F7-4668-BE54-9A1E7A4F7556}") = "Fracture.DialogManagement.Infrastracture", "Modules\DialogManagement\src\Fracture.DialogManagement.Infrastracture\Fracture.DialogManagement.Infrastracture.csproj", "{9FF6512E-D94A-4694-8450-629ED4FC64ED}"
EndProject
Project("{2150E333-8FDC-42A3-9474-1A3956D46DE8}") = "src", "src", "{D068A0C8-9656-4392-A57B-E648074DE002}"
EndProject
Project("{2150E333-8FDC-42A3-9474-1A3956D46DE8}") = "tests", "tests", "{E09A3EE6-D851-4011-982F-B5202A8EFDAA}"
EndProject
Project("{2150E333-8FDC-42A3-9474-1A3956D46DE8}") = "src", "src", "{C9A7831B-4813-4161-BE5E-03B3D03BB643}"
EndProject
Project("{2150E333-8FDC-42A3-9474-1A3956D46DE8}") = "tests", "tests", "{4BF2480A-41AA-46BC-AFEB-2AC4CBF7645D}"
EndProject
Project("{9A19103F-16F7-4668-BE54-9A1E7A4F7556}") = "Fracture.Ranking.Application", "Modules\Ranking\src\Fracture.Ranking.Application\Fracture.Ranking.Application.csproj", "{467DC390-D79A-4497-BD45-85F76CB59A96}"
EndProject
Project("{9A19103F-16F7-4668-BE54-9A1E7A4F7556}") = "Fracture.Ranking.Infrastructure", "Modules\Ranking\src\Fracture.Ranking.Infrastructure\Fracture.Ranking.Infrastructure.csproj", "{FF88CB11-EF0F-4A19-BC7C-F38729DE7CB5}"
EndProject
Project("{9A19103F-16F7-4668-BE54-9A1E7A4F7556}") = "Fracture.Ranking.Domain", "Modules\Ranking\src\Fracture.Ranking.Domain\Fracture.Ranking.Domain.csproj", "{6B35CDD2-B5A9-4FBB-8EF6-7547D99F10BE}"
EndProject
Project("{9A19103F-16F7-4668-BE54-9A1E7A4F7556}") = "Fracture.Tavern.Application", "Modules\Tavern\src\Fracture.Tavern.Application\Fracture.Tavern.Application.csproj", "{EC42B0F6-54A1-4E21-A533-0B112541727B}"
EndProject
Project("{9A19103F-16F7-4668-BE54-9A1E7A4F7556}") = "Fracture.Tavern.Infrastructure", "Modules\Tavern\src\Fracture.Tavern.Infrastructure\Fracture.Tavern.Infrastructure.csproj", "{1114ED44-3654-4A2D-9583-468E6B82A622}"
EndProject
Project("{9A19103F-16F7-4668-BE54-9A1E7A4F7556}") = "Fracture.Tavern.Domain", "Modules\Tavern\src\Fracture.Tavern.Domain\Fracture.Tavern.Domain.csproj", "{386EAB65-51E6-4F61-B80A-0E9015B0FC7C}"
EndProject
Project("{9A19103F-16F7-4668-BE54-9A1E7A4F7556}") = "Fracture.AccountManagement.Application", "Modules\AccountManagement\src\Fracture.AccountManagement.Application\Fracture.AccountManagement.Application.csproj", "{519D875B-DB13-4CD2-8557-85B0CA34747F}"
EndProject
Project("{9A19103F-16F7-4668-BE54-9A1E7A4F7556}") = "Fracture.AccountManagement.Domain", "Modules\AccountManagement\src\Fracture.AccountManagement.Domain\Fracture.AccountManagement.Domain.csproj", "{94BCF4C2-E28A-4CDC-A65B-C675F340025A}"
EndProject
Project("{9A19103F-16F7-4668-BE54-9A1E7A4F7556}") = "Fracture.AccountManagement.Infrastructure", "Modules\AccountManagement\src\Fracture.AccountManagement.Infrastructure\Fracture.AccountManagement.Infrastructure.csproj", "{747F720E-95FC-4FAF-B919-5254795748F8}"
EndProject
Project("{9A19103F-16F7-4668-BE54-9A1E7A4F7556}") = "Fracture.Shared.External", "Shared\Fracture.Shared.External\Fracture.Shared.External.csproj", "{DE4324F4-335A-4B29-8CC2-CC774817049A}"
EndProject
Project("{9A19103F-16F7-4668-BE54-9A1E7A4F7556}") = "Fracture.AccountManagement.Api", "Modules\AccountManagement\src\Fracture.AccountManagement.Api\Fracture.AccountManagement.Api.csproj", "{9B38794A-0C9B-43A2-BA5C-A4ED2FAACCB1}"
EndProject
Project("{9A19103F-16F7-4668-BE54-9A1E7A4F7556}") = "Fracture.DialogManagement.Api", "Modules\DialogManagement\src\Fracture.DialogManagement.Api\Fracture.DialogManagement.Api.csproj", "{B96855C5-890B-4A75-B345-5BB8FDA65082}"
EndProject
Project("{2150E333-8FDC-42A3-9474-1A3956D46DE8}") = "NonPlayerCharacter", "NonPlayerCharacter", "{BB8636EC-31E8-43EB-9B7F-8A47C8E9F2AF}"
EndProject
Project("{2150E333-8FDC-42A3-9474-1A3956D46DE8}") = "src", "src", "{E1E578EF-D969-42D8-9AC7-6958FB4EDBEE}"
EndProject
Project("{2150E333-8FDC-42A3-9474-1A3956D46DE8}") = "tests", "tests", "{78ED8FDA-3CCB-45E8-AB40-AA6D9A3ADFF5}"
EndProject
Project("{9A19103F-16F7-4668-BE54-9A1E7A4F7556}") = "Fracture.NonPlayerCharacter.Domain", "Modules\NonPlayerCharacter\src\Fracture.NonPlayerCharacter.Domain\Fracture.NonPlayerCharacter.Domain.csproj", "{F48F15CD-1E1C-448C-BEB2-EC43C3A8A3AE}"
EndProject
Project("{9A19103F-16F7-4668-BE54-9A1E7A4F7556}") = "Fracture.NonPlayerCharacter.Application", "Modules\NonPlayerCharacter\src\Fracture.NonPlayerCharacter.Application\Fracture.NonPlayerCharacter.Application.csproj", "{196E344B-26A5-4EBB-86F4-8A2D93738FE8}"
EndProject
Project("{9A19103F-16F7-4668-BE54-9A1E7A4F7556}") = "Fracture.NonPlayerCharacter.Infrastructure", "Modules\NonPlayerCharacter\src\Fracture.NonPlayerCharacter.Infrastructure\Fracture.NonPlayerCharacter.Infrastructure.csproj", "{D85B5CB5-E301-4735-A5E9-BD73FD0D8B3A}"
EndProject
Project("{9A19103F-16F7-4668-BE54-9A1E7A4F7556}") = "Fracture.NonPlayerCharacter.Api", "Modules\NonPlayerCharacter\src\Fracture.NonPlayerCharacter.Api\Fracture.NonPlayerCharacter.Api.csproj", "{1B1C0674-4BD0-4689-B834-503F797CA0C3}"
EndProject
Project("{9A19103F-16F7-4668-BE54-9A1E7A4F7556}") = "Fracture.Fight.Api", "Modules\Fight\src\Fracture.Fight.Api\Fracture.Fight.Api.csproj", "{E9658103-61ED-4641-9B53-C113093F4694}"
EndProject
Project("{9A19103F-16F7-4668-BE54-9A1E7A4F7556}") = "Fracture.GameplaySession.Api", "Modules\GameplaySession\src\Fracture.GameplaySession.Api\Fracture.GameplaySession.Api.csproj", "{493BB24C-7285-4303-BB91-377440F6DDB1}"
EndProject
Project("{9A19103F-16F7-4668-BE54-9A1E7A4F7556}") = "Fracture.GoalManagement.Api", "Modules\GoalManagement\src\Fracture.GoalManagement.Api\Fracture.GoalManagement.Api.csproj", "{FA28BF60-082E-46C2-B694-94F590776842}"
EndProject
Project("{9A19103F-16F7-4668-BE54-9A1E7A4F7556}") = "Fracture.Inventory.Api", "Modules\Inventory\src\Fracture.Inventory.Api\Fracture.Inventory.Api.csproj", "{F0BB2D81-DB33-4FD4-A44E-95DA8D884F62}"
EndProject
Project("{9A19103F-16F7-4668-BE54-9A1E7A4F7556}") = "Fracture.Location.Api", "Modules\Location\src\Fracture.Location.Api\Fracture.Location.Api.csproj", "{927AF0AD-24C7-49E1-9F97-6BC5DA54FA6B}"
EndProject
Project("{9A19103F-16F7-4668-BE54-9A1E7A4F7556}") = "Fracture.MapGenerator.Api", "Modules\MapGenerator\src\Fracture.MapGenerator.Api\Fracture.MapGenerator.Api.csproj", "{5AF603A2-F722-4CAB-980D-1DB8ECD4C504}"
EndProject
Project("{9A19103F-16F7-4668-BE54-9A1E7A4F7556}") = "Fracture.PlayerCharacter.Api", "Modules\PlayerCharacter\src\Fracture.PlayerCharacter.Api\Fracture.PlayerCharacter.Api.csproj", "{236DFB56-0022-48B3-8FF4-14F4606EA882}"
EndProject
Project("{9A19103F-16F7-4668-BE54-9A1E7A4F7556}") = "Fracture.Ranking.Api", "Modules\Ranking\src\Fracture.Ranking.Api\Fracture.Ranking.Api.csproj", "{015C6BE5-41FE-43DF-A48C-62CC273A02B4}"
EndProject
Project("{9A19103F-16F7-4668-BE54-9A1E7A4F7556}") = "Fracture.Tavern.Api", "Modules\Tavern\src\Fracture.Tavern.Api\Fracture.Tavern.Api.csproj", "{26494001-A893-44F2-9A97-674BD3B85D5C}"
EndProject
Project("{9A19103F-16F7-4668-BE54-9A1E7A4F7556}") = "Fracture.Client", "Client\Fracture.Client.csproj", "{2196F216-7F95-4E36-A181-958594BD6D6B}"
EndProject
Global
	GlobalSection(SolutionConfigurationPlatforms) = preSolution
		Debug|Any CPU = Debug|Any CPU
		Release|Any CPU = Release|Any CPU
	EndGlobalSection
	GlobalSection(ProjectConfigurationPlatforms) = postSolution
		{8FCFE6C1-797B-4580-A5E6-BE3F8E552DC9}.Debug|Any CPU.ActiveCfg = Debug|Any CPU
		{8FCFE6C1-797B-4580-A5E6-BE3F8E552DC9}.Debug|Any CPU.Build.0 = Debug|Any CPU
		{8FCFE6C1-797B-4580-A5E6-BE3F8E552DC9}.Release|Any CPU.ActiveCfg = Release|Any CPU
		{8FCFE6C1-797B-4580-A5E6-BE3F8E552DC9}.Release|Any CPU.Build.0 = Release|Any CPU
		{9FEF1EF4-84D8-4D80-8CE2-F06F46666443}.Debug|Any CPU.ActiveCfg = Debug|Any CPU
		{9FEF1EF4-84D8-4D80-8CE2-F06F46666443}.Debug|Any CPU.Build.0 = Debug|Any CPU
		{9FEF1EF4-84D8-4D80-8CE2-F06F46666443}.Release|Any CPU.ActiveCfg = Release|Any CPU
		{9FEF1EF4-84D8-4D80-8CE2-F06F46666443}.Release|Any CPU.Build.0 = Release|Any CPU
		{2A4865F3-C5FE-4CDE-B802-9F77DDC6D548}.Debug|Any CPU.ActiveCfg = Debug|Any CPU
		{2A4865F3-C5FE-4CDE-B802-9F77DDC6D548}.Debug|Any CPU.Build.0 = Debug|Any CPU
		{2A4865F3-C5FE-4CDE-B802-9F77DDC6D548}.Release|Any CPU.ActiveCfg = Release|Any CPU
		{2A4865F3-C5FE-4CDE-B802-9F77DDC6D548}.Release|Any CPU.Build.0 = Release|Any CPU
		{D06D3FCB-F773-4E5E-A6D3-6C6D052F7996}.Debug|Any CPU.ActiveCfg = Debug|Any CPU
		{D06D3FCB-F773-4E5E-A6D3-6C6D052F7996}.Debug|Any CPU.Build.0 = Debug|Any CPU
		{D06D3FCB-F773-4E5E-A6D3-6C6D052F7996}.Release|Any CPU.ActiveCfg = Release|Any CPU
		{D06D3FCB-F773-4E5E-A6D3-6C6D052F7996}.Release|Any CPU.Build.0 = Release|Any CPU
		{F61789DA-0820-4550-AC66-6D09C0F0045A}.Debug|Any CPU.ActiveCfg = Debug|Any CPU
		{F61789DA-0820-4550-AC66-6D09C0F0045A}.Debug|Any CPU.Build.0 = Debug|Any CPU
		{F61789DA-0820-4550-AC66-6D09C0F0045A}.Release|Any CPU.ActiveCfg = Release|Any CPU
		{F61789DA-0820-4550-AC66-6D09C0F0045A}.Release|Any CPU.Build.0 = Release|Any CPU
		{3B64BCB0-3AD5-4B19-92EF-E91E20B20008}.Debug|Any CPU.ActiveCfg = Debug|Any CPU
		{3B64BCB0-3AD5-4B19-92EF-E91E20B20008}.Debug|Any CPU.Build.0 = Debug|Any CPU
		{3B64BCB0-3AD5-4B19-92EF-E91E20B20008}.Release|Any CPU.ActiveCfg = Release|Any CPU
		{3B64BCB0-3AD5-4B19-92EF-E91E20B20008}.Release|Any CPU.Build.0 = Release|Any CPU
		{BB39AF0A-9830-44B1-B4FF-A9EEE95283E4}.Debug|Any CPU.ActiveCfg = Debug|Any CPU
		{BB39AF0A-9830-44B1-B4FF-A9EEE95283E4}.Debug|Any CPU.Build.0 = Debug|Any CPU
		{BB39AF0A-9830-44B1-B4FF-A9EEE95283E4}.Release|Any CPU.ActiveCfg = Release|Any CPU
		{BB39AF0A-9830-44B1-B4FF-A9EEE95283E4}.Release|Any CPU.Build.0 = Release|Any CPU
		{E27F6FF3-1E98-4D66-B9A4-B04820279E14}.Debug|Any CPU.ActiveCfg = Debug|Any CPU
		{E27F6FF3-1E98-4D66-B9A4-B04820279E14}.Debug|Any CPU.Build.0 = Debug|Any CPU
		{E27F6FF3-1E98-4D66-B9A4-B04820279E14}.Release|Any CPU.ActiveCfg = Release|Any CPU
		{E27F6FF3-1E98-4D66-B9A4-B04820279E14}.Release|Any CPU.Build.0 = Release|Any CPU
		{D493E0A4-A052-43AB-8D2E-9A99BEB2871C}.Debug|Any CPU.ActiveCfg = Debug|Any CPU
		{D493E0A4-A052-43AB-8D2E-9A99BEB2871C}.Debug|Any CPU.Build.0 = Debug|Any CPU
		{D493E0A4-A052-43AB-8D2E-9A99BEB2871C}.Release|Any CPU.ActiveCfg = Release|Any CPU
		{D493E0A4-A052-43AB-8D2E-9A99BEB2871C}.Release|Any CPU.Build.0 = Release|Any CPU
		{A962AFF9-AE47-4814-93EA-BCD599EC2A37}.Debug|Any CPU.ActiveCfg = Debug|Any CPU
		{A962AFF9-AE47-4814-93EA-BCD599EC2A37}.Debug|Any CPU.Build.0 = Debug|Any CPU
		{A962AFF9-AE47-4814-93EA-BCD599EC2A37}.Release|Any CPU.ActiveCfg = Release|Any CPU
		{A962AFF9-AE47-4814-93EA-BCD599EC2A37}.Release|Any CPU.Build.0 = Release|Any CPU
		{3931EBB8-9BBB-4CA7-9C74-498D6A5610A7}.Debug|Any CPU.ActiveCfg = Debug|Any CPU
		{3931EBB8-9BBB-4CA7-9C74-498D6A5610A7}.Debug|Any CPU.Build.0 = Debug|Any CPU
		{3931EBB8-9BBB-4CA7-9C74-498D6A5610A7}.Release|Any CPU.ActiveCfg = Release|Any CPU
		{3931EBB8-9BBB-4CA7-9C74-498D6A5610A7}.Release|Any CPU.Build.0 = Release|Any CPU
		{4B03A3BA-673D-4F87-A457-E0C1FFD795BE}.Debug|Any CPU.ActiveCfg = Debug|Any CPU
		{4B03A3BA-673D-4F87-A457-E0C1FFD795BE}.Debug|Any CPU.Build.0 = Debug|Any CPU
		{4B03A3BA-673D-4F87-A457-E0C1FFD795BE}.Release|Any CPU.ActiveCfg = Release|Any CPU
		{4B03A3BA-673D-4F87-A457-E0C1FFD795BE}.Release|Any CPU.Build.0 = Release|Any CPU
		{4DB8ADAB-C0E8-44E5-890E-3F10E6AC70DD}.Debug|Any CPU.ActiveCfg = Debug|Any CPU
		{4DB8ADAB-C0E8-44E5-890E-3F10E6AC70DD}.Debug|Any CPU.Build.0 = Debug|Any CPU
		{4DB8ADAB-C0E8-44E5-890E-3F10E6AC70DD}.Release|Any CPU.ActiveCfg = Release|Any CPU
		{4DB8ADAB-C0E8-44E5-890E-3F10E6AC70DD}.Release|Any CPU.Build.0 = Release|Any CPU
		{E0AFAABE-7FD9-4656-BB52-DC94A9C3EFFA}.Debug|Any CPU.ActiveCfg = Debug|Any CPU
		{E0AFAABE-7FD9-4656-BB52-DC94A9C3EFFA}.Debug|Any CPU.Build.0 = Debug|Any CPU
		{E0AFAABE-7FD9-4656-BB52-DC94A9C3EFFA}.Release|Any CPU.ActiveCfg = Release|Any CPU
		{E0AFAABE-7FD9-4656-BB52-DC94A9C3EFFA}.Release|Any CPU.Build.0 = Release|Any CPU
		{8F70B68B-7F87-46A6-8F91-004087061BC8}.Debug|Any CPU.ActiveCfg = Debug|Any CPU
		{8F70B68B-7F87-46A6-8F91-004087061BC8}.Debug|Any CPU.Build.0 = Debug|Any CPU
		{8F70B68B-7F87-46A6-8F91-004087061BC8}.Release|Any CPU.ActiveCfg = Release|Any CPU
		{8F70B68B-7F87-46A6-8F91-004087061BC8}.Release|Any CPU.Build.0 = Release|Any CPU
		{51616304-8A6C-4A64-9DBD-50208A1B84D1}.Debug|Any CPU.ActiveCfg = Debug|Any CPU
		{51616304-8A6C-4A64-9DBD-50208A1B84D1}.Debug|Any CPU.Build.0 = Debug|Any CPU
		{51616304-8A6C-4A64-9DBD-50208A1B84D1}.Release|Any CPU.ActiveCfg = Release|Any CPU
		{51616304-8A6C-4A64-9DBD-50208A1B84D1}.Release|Any CPU.Build.0 = Release|Any CPU
		{8294A3D9-38C7-484E-880D-1294823D9F99}.Debug|Any CPU.ActiveCfg = Debug|Any CPU
		{8294A3D9-38C7-484E-880D-1294823D9F99}.Debug|Any CPU.Build.0 = Debug|Any CPU
		{8294A3D9-38C7-484E-880D-1294823D9F99}.Release|Any CPU.ActiveCfg = Release|Any CPU
		{8294A3D9-38C7-484E-880D-1294823D9F99}.Release|Any CPU.Build.0 = Release|Any CPU
		{40025DC9-692D-46AD-8831-F79A6B76437C}.Debug|Any CPU.ActiveCfg = Debug|Any CPU
		{40025DC9-692D-46AD-8831-F79A6B76437C}.Debug|Any CPU.Build.0 = Debug|Any CPU
		{40025DC9-692D-46AD-8831-F79A6B76437C}.Release|Any CPU.ActiveCfg = Release|Any CPU
		{40025DC9-692D-46AD-8831-F79A6B76437C}.Release|Any CPU.Build.0 = Release|Any CPU
		{428020C7-5560-435A-835E-4AA5A165288D}.Debug|Any CPU.ActiveCfg = Debug|Any CPU
		{428020C7-5560-435A-835E-4AA5A165288D}.Debug|Any CPU.Build.0 = Debug|Any CPU
		{428020C7-5560-435A-835E-4AA5A165288D}.Release|Any CPU.ActiveCfg = Release|Any CPU
		{428020C7-5560-435A-835E-4AA5A165288D}.Release|Any CPU.Build.0 = Release|Any CPU
		{7BD68D6F-EEF7-47C5-B503-372CBC2BBCBD}.Debug|Any CPU.ActiveCfg = Debug|Any CPU
		{7BD68D6F-EEF7-47C5-B503-372CBC2BBCBD}.Debug|Any CPU.Build.0 = Debug|Any CPU
		{7BD68D6F-EEF7-47C5-B503-372CBC2BBCBD}.Release|Any CPU.ActiveCfg = Release|Any CPU
		{7BD68D6F-EEF7-47C5-B503-372CBC2BBCBD}.Release|Any CPU.Build.0 = Release|Any CPU
		{4186DD59-4B59-49F9-BA2D-3B2E0BDE1613}.Debug|Any CPU.ActiveCfg = Debug|Any CPU
		{4186DD59-4B59-49F9-BA2D-3B2E0BDE1613}.Debug|Any CPU.Build.0 = Debug|Any CPU
		{4186DD59-4B59-49F9-BA2D-3B2E0BDE1613}.Release|Any CPU.ActiveCfg = Release|Any CPU
		{4186DD59-4B59-49F9-BA2D-3B2E0BDE1613}.Release|Any CPU.Build.0 = Release|Any CPU
		{CF82E3C6-48B5-4F0E-A582-99E2A6C46F06}.Debug|Any CPU.ActiveCfg = Debug|Any CPU
		{CF82E3C6-48B5-4F0E-A582-99E2A6C46F06}.Debug|Any CPU.Build.0 = Debug|Any CPU
		{CF82E3C6-48B5-4F0E-A582-99E2A6C46F06}.Release|Any CPU.ActiveCfg = Release|Any CPU
		{CF82E3C6-48B5-4F0E-A582-99E2A6C46F06}.Release|Any CPU.Build.0 = Release|Any CPU
		{BD41F239-9AA6-430D-ABD7-03455BB4A47B}.Debug|Any CPU.ActiveCfg = Debug|Any CPU
		{BD41F239-9AA6-430D-ABD7-03455BB4A47B}.Debug|Any CPU.Build.0 = Debug|Any CPU
		{BD41F239-9AA6-430D-ABD7-03455BB4A47B}.Release|Any CPU.ActiveCfg = Release|Any CPU
		{BD41F239-9AA6-430D-ABD7-03455BB4A47B}.Release|Any CPU.Build.0 = Release|Any CPU
		{51712C64-41F5-46E5-B0A9-AA0B32667015}.Debug|Any CPU.ActiveCfg = Debug|Any CPU
		{51712C64-41F5-46E5-B0A9-AA0B32667015}.Debug|Any CPU.Build.0 = Debug|Any CPU
		{51712C64-41F5-46E5-B0A9-AA0B32667015}.Release|Any CPU.ActiveCfg = Release|Any CPU
		{51712C64-41F5-46E5-B0A9-AA0B32667015}.Release|Any CPU.Build.0 = Release|Any CPU
		{9D2383C1-54D8-4AD5-9B72-8B671CA827D0}.Debug|Any CPU.ActiveCfg = Debug|Any CPU
		{9D2383C1-54D8-4AD5-9B72-8B671CA827D0}.Debug|Any CPU.Build.0 = Debug|Any CPU
		{9D2383C1-54D8-4AD5-9B72-8B671CA827D0}.Release|Any CPU.ActiveCfg = Release|Any CPU
		{9D2383C1-54D8-4AD5-9B72-8B671CA827D0}.Release|Any CPU.Build.0 = Release|Any CPU
		{9FF6512E-D94A-4694-8450-629ED4FC64ED}.Debug|Any CPU.ActiveCfg = Debug|Any CPU
		{9FF6512E-D94A-4694-8450-629ED4FC64ED}.Debug|Any CPU.Build.0 = Debug|Any CPU
		{9FF6512E-D94A-4694-8450-629ED4FC64ED}.Release|Any CPU.ActiveCfg = Release|Any CPU
		{9FF6512E-D94A-4694-8450-629ED4FC64ED}.Release|Any CPU.Build.0 = Release|Any CPU
		{467DC390-D79A-4497-BD45-85F76CB59A96}.Debug|Any CPU.ActiveCfg = Debug|Any CPU
		{467DC390-D79A-4497-BD45-85F76CB59A96}.Debug|Any CPU.Build.0 = Debug|Any CPU
		{467DC390-D79A-4497-BD45-85F76CB59A96}.Release|Any CPU.ActiveCfg = Release|Any CPU
		{467DC390-D79A-4497-BD45-85F76CB59A96}.Release|Any CPU.Build.0 = Release|Any CPU
		{FF88CB11-EF0F-4A19-BC7C-F38729DE7CB5}.Debug|Any CPU.ActiveCfg = Debug|Any CPU
		{FF88CB11-EF0F-4A19-BC7C-F38729DE7CB5}.Debug|Any CPU.Build.0 = Debug|Any CPU
		{FF88CB11-EF0F-4A19-BC7C-F38729DE7CB5}.Release|Any CPU.ActiveCfg = Release|Any CPU
		{FF88CB11-EF0F-4A19-BC7C-F38729DE7CB5}.Release|Any CPU.Build.0 = Release|Any CPU
		{6B35CDD2-B5A9-4FBB-8EF6-7547D99F10BE}.Debug|Any CPU.ActiveCfg = Debug|Any CPU
		{6B35CDD2-B5A9-4FBB-8EF6-7547D99F10BE}.Debug|Any CPU.Build.0 = Debug|Any CPU
		{6B35CDD2-B5A9-4FBB-8EF6-7547D99F10BE}.Release|Any CPU.ActiveCfg = Release|Any CPU
		{6B35CDD2-B5A9-4FBB-8EF6-7547D99F10BE}.Release|Any CPU.Build.0 = Release|Any CPU
		{EC42B0F6-54A1-4E21-A533-0B112541727B}.Debug|Any CPU.ActiveCfg = Debug|Any CPU
		{EC42B0F6-54A1-4E21-A533-0B112541727B}.Debug|Any CPU.Build.0 = Debug|Any CPU
		{EC42B0F6-54A1-4E21-A533-0B112541727B}.Release|Any CPU.ActiveCfg = Release|Any CPU
		{EC42B0F6-54A1-4E21-A533-0B112541727B}.Release|Any CPU.Build.0 = Release|Any CPU
		{1114ED44-3654-4A2D-9583-468E6B82A622}.Debug|Any CPU.ActiveCfg = Debug|Any CPU
		{1114ED44-3654-4A2D-9583-468E6B82A622}.Debug|Any CPU.Build.0 = Debug|Any CPU
		{1114ED44-3654-4A2D-9583-468E6B82A622}.Release|Any CPU.ActiveCfg = Release|Any CPU
		{1114ED44-3654-4A2D-9583-468E6B82A622}.Release|Any CPU.Build.0 = Release|Any CPU
		{386EAB65-51E6-4F61-B80A-0E9015B0FC7C}.Debug|Any CPU.ActiveCfg = Debug|Any CPU
		{386EAB65-51E6-4F61-B80A-0E9015B0FC7C}.Debug|Any CPU.Build.0 = Debug|Any CPU
		{386EAB65-51E6-4F61-B80A-0E9015B0FC7C}.Release|Any CPU.ActiveCfg = Release|Any CPU
		{386EAB65-51E6-4F61-B80A-0E9015B0FC7C}.Release|Any CPU.Build.0 = Release|Any CPU
		{519D875B-DB13-4CD2-8557-85B0CA34747F}.Debug|Any CPU.ActiveCfg = Debug|Any CPU
		{519D875B-DB13-4CD2-8557-85B0CA34747F}.Debug|Any CPU.Build.0 = Debug|Any CPU
		{519D875B-DB13-4CD2-8557-85B0CA34747F}.Release|Any CPU.ActiveCfg = Release|Any CPU
		{519D875B-DB13-4CD2-8557-85B0CA34747F}.Release|Any CPU.Build.0 = Release|Any CPU
		{94BCF4C2-E28A-4CDC-A65B-C675F340025A}.Debug|Any CPU.ActiveCfg = Debug|Any CPU
		{94BCF4C2-E28A-4CDC-A65B-C675F340025A}.Debug|Any CPU.Build.0 = Debug|Any CPU
		{94BCF4C2-E28A-4CDC-A65B-C675F340025A}.Release|Any CPU.ActiveCfg = Release|Any CPU
		{94BCF4C2-E28A-4CDC-A65B-C675F340025A}.Release|Any CPU.Build.0 = Release|Any CPU
		{747F720E-95FC-4FAF-B919-5254795748F8}.Debug|Any CPU.ActiveCfg = Debug|Any CPU
		{747F720E-95FC-4FAF-B919-5254795748F8}.Debug|Any CPU.Build.0 = Debug|Any CPU
		{747F720E-95FC-4FAF-B919-5254795748F8}.Release|Any CPU.ActiveCfg = Release|Any CPU
		{747F720E-95FC-4FAF-B919-5254795748F8}.Release|Any CPU.Build.0 = Release|Any CPU
		{DE4324F4-335A-4B29-8CC2-CC774817049A}.Debug|Any CPU.ActiveCfg = Debug|Any CPU
		{DE4324F4-335A-4B29-8CC2-CC774817049A}.Debug|Any CPU.Build.0 = Debug|Any CPU
		{DE4324F4-335A-4B29-8CC2-CC774817049A}.Release|Any CPU.ActiveCfg = Release|Any CPU
		{DE4324F4-335A-4B29-8CC2-CC774817049A}.Release|Any CPU.Build.0 = Release|Any CPU
		{9B38794A-0C9B-43A2-BA5C-A4ED2FAACCB1}.Debug|Any CPU.ActiveCfg = Debug|Any CPU
		{9B38794A-0C9B-43A2-BA5C-A4ED2FAACCB1}.Debug|Any CPU.Build.0 = Debug|Any CPU
		{9B38794A-0C9B-43A2-BA5C-A4ED2FAACCB1}.Release|Any CPU.ActiveCfg = Release|Any CPU
		{9B38794A-0C9B-43A2-BA5C-A4ED2FAACCB1}.Release|Any CPU.Build.0 = Release|Any CPU
		{B96855C5-890B-4A75-B345-5BB8FDA65082}.Debug|Any CPU.ActiveCfg = Debug|Any CPU
		{B96855C5-890B-4A75-B345-5BB8FDA65082}.Debug|Any CPU.Build.0 = Debug|Any CPU
		{B96855C5-890B-4A75-B345-5BB8FDA65082}.Release|Any CPU.ActiveCfg = Release|Any CPU
		{B96855C5-890B-4A75-B345-5BB8FDA65082}.Release|Any CPU.Build.0 = Release|Any CPU
		{F48F15CD-1E1C-448C-BEB2-EC43C3A8A3AE}.Debug|Any CPU.ActiveCfg = Debug|Any CPU
		{F48F15CD-1E1C-448C-BEB2-EC43C3A8A3AE}.Debug|Any CPU.Build.0 = Debug|Any CPU
		{F48F15CD-1E1C-448C-BEB2-EC43C3A8A3AE}.Release|Any CPU.ActiveCfg = Release|Any CPU
		{F48F15CD-1E1C-448C-BEB2-EC43C3A8A3AE}.Release|Any CPU.Build.0 = Release|Any CPU
		{196E344B-26A5-4EBB-86F4-8A2D93738FE8}.Debug|Any CPU.ActiveCfg = Debug|Any CPU
		{196E344B-26A5-4EBB-86F4-8A2D93738FE8}.Debug|Any CPU.Build.0 = Debug|Any CPU
		{196E344B-26A5-4EBB-86F4-8A2D93738FE8}.Release|Any CPU.ActiveCfg = Release|Any CPU
		{196E344B-26A5-4EBB-86F4-8A2D93738FE8}.Release|Any CPU.Build.0 = Release|Any CPU
		{D85B5CB5-E301-4735-A5E9-BD73FD0D8B3A}.Debug|Any CPU.ActiveCfg = Debug|Any CPU
		{D85B5CB5-E301-4735-A5E9-BD73FD0D8B3A}.Debug|Any CPU.Build.0 = Debug|Any CPU
		{D85B5CB5-E301-4735-A5E9-BD73FD0D8B3A}.Release|Any CPU.ActiveCfg = Release|Any CPU
		{D85B5CB5-E301-4735-A5E9-BD73FD0D8B3A}.Release|Any CPU.Build.0 = Release|Any CPU
		{1B1C0674-4BD0-4689-B834-503F797CA0C3}.Debug|Any CPU.ActiveCfg = Debug|Any CPU
		{1B1C0674-4BD0-4689-B834-503F797CA0C3}.Debug|Any CPU.Build.0 = Debug|Any CPU
		{1B1C0674-4BD0-4689-B834-503F797CA0C3}.Release|Any CPU.ActiveCfg = Release|Any CPU
		{1B1C0674-4BD0-4689-B834-503F797CA0C3}.Release|Any CPU.Build.0 = Release|Any CPU
		{E9658103-61ED-4641-9B53-C113093F4694}.Debug|Any CPU.ActiveCfg = Debug|Any CPU
		{E9658103-61ED-4641-9B53-C113093F4694}.Debug|Any CPU.Build.0 = Debug|Any CPU
		{E9658103-61ED-4641-9B53-C113093F4694}.Release|Any CPU.ActiveCfg = Release|Any CPU
		{E9658103-61ED-4641-9B53-C113093F4694}.Release|Any CPU.Build.0 = Release|Any CPU
		{493BB24C-7285-4303-BB91-377440F6DDB1}.Debug|Any CPU.ActiveCfg = Debug|Any CPU
		{493BB24C-7285-4303-BB91-377440F6DDB1}.Debug|Any CPU.Build.0 = Debug|Any CPU
		{493BB24C-7285-4303-BB91-377440F6DDB1}.Release|Any CPU.ActiveCfg = Release|Any CPU
		{493BB24C-7285-4303-BB91-377440F6DDB1}.Release|Any CPU.Build.0 = Release|Any CPU
		{FA28BF60-082E-46C2-B694-94F590776842}.Debug|Any CPU.ActiveCfg = Debug|Any CPU
		{FA28BF60-082E-46C2-B694-94F590776842}.Debug|Any CPU.Build.0 = Debug|Any CPU
		{FA28BF60-082E-46C2-B694-94F590776842}.Release|Any CPU.ActiveCfg = Release|Any CPU
		{FA28BF60-082E-46C2-B694-94F590776842}.Release|Any CPU.Build.0 = Release|Any CPU
		{F0BB2D81-DB33-4FD4-A44E-95DA8D884F62}.Debug|Any CPU.ActiveCfg = Debug|Any CPU
		{F0BB2D81-DB33-4FD4-A44E-95DA8D884F62}.Debug|Any CPU.Build.0 = Debug|Any CPU
		{F0BB2D81-DB33-4FD4-A44E-95DA8D884F62}.Release|Any CPU.ActiveCfg = Release|Any CPU
		{F0BB2D81-DB33-4FD4-A44E-95DA8D884F62}.Release|Any CPU.Build.0 = Release|Any CPU
		{927AF0AD-24C7-49E1-9F97-6BC5DA54FA6B}.Debug|Any CPU.ActiveCfg = Debug|Any CPU
		{927AF0AD-24C7-49E1-9F97-6BC5DA54FA6B}.Debug|Any CPU.Build.0 = Debug|Any CPU
		{927AF0AD-24C7-49E1-9F97-6BC5DA54FA6B}.Release|Any CPU.ActiveCfg = Release|Any CPU
		{927AF0AD-24C7-49E1-9F97-6BC5DA54FA6B}.Release|Any CPU.Build.0 = Release|Any CPU
		{5AF603A2-F722-4CAB-980D-1DB8ECD4C504}.Debug|Any CPU.ActiveCfg = Debug|Any CPU
		{5AF603A2-F722-4CAB-980D-1DB8ECD4C504}.Debug|Any CPU.Build.0 = Debug|Any CPU
		{5AF603A2-F722-4CAB-980D-1DB8ECD4C504}.Release|Any CPU.ActiveCfg = Release|Any CPU
		{5AF603A2-F722-4CAB-980D-1DB8ECD4C504}.Release|Any CPU.Build.0 = Release|Any CPU
		{236DFB56-0022-48B3-8FF4-14F4606EA882}.Debug|Any CPU.ActiveCfg = Debug|Any CPU
		{236DFB56-0022-48B3-8FF4-14F4606EA882}.Debug|Any CPU.Build.0 = Debug|Any CPU
		{236DFB56-0022-48B3-8FF4-14F4606EA882}.Release|Any CPU.ActiveCfg = Release|Any CPU
		{236DFB56-0022-48B3-8FF4-14F4606EA882}.Release|Any CPU.Build.0 = Release|Any CPU
		{015C6BE5-41FE-43DF-A48C-62CC273A02B4}.Debug|Any CPU.ActiveCfg = Debug|Any CPU
		{015C6BE5-41FE-43DF-A48C-62CC273A02B4}.Debug|Any CPU.Build.0 = Debug|Any CPU
		{015C6BE5-41FE-43DF-A48C-62CC273A02B4}.Release|Any CPU.ActiveCfg = Release|Any CPU
		{015C6BE5-41FE-43DF-A48C-62CC273A02B4}.Release|Any CPU.Build.0 = Release|Any CPU
		{26494001-A893-44F2-9A97-674BD3B85D5C}.Debug|Any CPU.ActiveCfg = Debug|Any CPU
		{26494001-A893-44F2-9A97-674BD3B85D5C}.Debug|Any CPU.Build.0 = Debug|Any CPU
		{26494001-A893-44F2-9A97-674BD3B85D5C}.Release|Any CPU.ActiveCfg = Release|Any CPU
		{26494001-A893-44F2-9A97-674BD3B85D5C}.Release|Any CPU.Build.0 = Release|Any CPU
		{2196F216-7F95-4E36-A181-958594BD6D6B}.Debug|Any CPU.ActiveCfg = Debug|Any CPU
		{2196F216-7F95-4E36-A181-958594BD6D6B}.Debug|Any CPU.Build.0 = Debug|Any CPU
		{2196F216-7F95-4E36-A181-958594BD6D6B}.Release|Any CPU.ActiveCfg = Release|Any CPU
		{2196F216-7F95-4E36-A181-958594BD6D6B}.Release|Any CPU.Build.0 = Release|Any CPU
	EndGlobalSection
	GlobalSection(SolutionProperties) = preSolution
		HideSolutionNode = FALSE
	EndGlobalSection
	GlobalSection(NestedProjects) = preSolution
		{4400F336-88DF-4898-8244-5634F3D7818A} = {9941341F-1EAF-42DD-925F-7C861E823BDA}
		{F301866F-75D3-4E13-9878-DA3D64C0244C} = {4400F336-88DF-4898-8244-5634F3D7818A}
		{91B6569B-F129-4987-AE48-0711562C6910} = {4400F336-88DF-4898-8244-5634F3D7818A}
		{8FCFE6C1-797B-4580-A5E6-BE3F8E552DC9} = {F301866F-75D3-4E13-9878-DA3D64C0244C}
		{9FEF1EF4-84D8-4D80-8CE2-F06F46666443} = {F301866F-75D3-4E13-9878-DA3D64C0244C}
		{2A4865F3-C5FE-4CDE-B802-9F77DDC6D548} = {F301866F-75D3-4E13-9878-DA3D64C0244C}
		{F61789DA-0820-4550-AC66-6D09C0F0045A} = {7FD751C0-76D7-49A4-9887-316380F8DED9}
		{0E6B8DBC-CAE2-46F9-A6D5-F122F359E4D7} = {9941341F-1EAF-42DD-925F-7C861E823BDA}
		{DA793277-9152-4F47-A174-1B6116F03520} = {9941341F-1EAF-42DD-925F-7C861E823BDA}
		{FBC8B60D-13A5-4D44-A013-DAA19642E118} = {9941341F-1EAF-42DD-925F-7C861E823BDA}
		{0441A132-4ED5-41A4-BAA6-3AB66C0F863F} = {9941341F-1EAF-42DD-925F-7C861E823BDA}
		{7C6C8B1C-AC0D-438C-B14F-F3287BCE5E54} = {9941341F-1EAF-42DD-925F-7C861E823BDA}
		{6CB8F2FB-0FC4-4978-9B2F-DC06F4253395} = {9941341F-1EAF-42DD-925F-7C861E823BDA}
		{EE1C62CE-E39B-4134-8A4F-64DB6A960D0D} = {9941341F-1EAF-42DD-925F-7C861E823BDA}
		{E85B360C-BFBF-4215-9001-B5F622D5579F} = {9941341F-1EAF-42DD-925F-7C861E823BDA}
		{D44A14DC-46D0-4BED-AD5F-C2634223D653} = {9941341F-1EAF-42DD-925F-7C861E823BDA}
		{9B464848-067E-4176-98FB-3B4078DECE29} = {0E6B8DBC-CAE2-46F9-A6D5-F122F359E4D7}
		{CE3A74EA-0B76-4CE3-8F52-7B278B656202} = {0E6B8DBC-CAE2-46F9-A6D5-F122F359E4D7}
		{E1CAF66F-5B3F-4DAF-A090-54BD53952E84} = {6CB8F2FB-0FC4-4978-9B2F-DC06F4253395}
		{A397FFFF-AD03-4431-B19A-E40FDC39F71B} = {6CB8F2FB-0FC4-4978-9B2F-DC06F4253395}
		{2FBB1F49-3415-4D3C-8AB7-F329ADF8E15A} = {D44A14DC-46D0-4BED-AD5F-C2634223D653}
		{A4174D3E-311B-4DA1-B2BF-234773B004D5} = {D44A14DC-46D0-4BED-AD5F-C2634223D653}
		{7FD96DCF-DE38-46D0-AAFC-073CE5812F17} = {7C6C8B1C-AC0D-438C-B14F-F3287BCE5E54}
		{8C6CAE86-CBF2-4467-8122-4F7B59FA53A7} = {7C6C8B1C-AC0D-438C-B14F-F3287BCE5E54}
		{8D65E44B-8A77-4999-9215-3063DC1449F8} = {FBC8B60D-13A5-4D44-A013-DAA19642E118}
		{7CC8C9E4-BEE9-466A-9392-5BEAE09027D4} = {FBC8B60D-13A5-4D44-A013-DAA19642E118}
		{2AF954C4-D7D9-4AA0-8537-6161B0D1C60C} = {E85B360C-BFBF-4215-9001-B5F622D5579F}
		{DB2DE2FB-0B25-48F2-9F31-E458DC7F1A3A} = {E85B360C-BFBF-4215-9001-B5F622D5579F}
		{652ED175-12A6-4EC1-9A4B-53F7CC9D111A} = {0441A132-4ED5-41A4-BAA6-3AB66C0F863F}
		{8276486B-ECDD-45C0-906C-E1D3ADEE23CC} = {0441A132-4ED5-41A4-BAA6-3AB66C0F863F}
		{3B64BCB0-3AD5-4B19-92EF-E91E20B20008} = {2FBB1F49-3415-4D3C-8AB7-F329ADF8E15A}
		{BB39AF0A-9830-44B1-B4FF-A9EEE95283E4} = {E1CAF66F-5B3F-4DAF-A090-54BD53952E84}
		{E27F6FF3-1E98-4D66-B9A4-B04820279E14} = {7FD96DCF-DE38-46D0-AAFC-073CE5812F17}
		{D493E0A4-A052-43AB-8D2E-9A99BEB2871C} = {8D65E44B-8A77-4999-9215-3063DC1449F8}
		{A962AFF9-AE47-4814-93EA-BCD599EC2A37} = {2AF954C4-D7D9-4AA0-8537-6161B0D1C60C}
		{3931EBB8-9BBB-4CA7-9C74-498D6A5610A7} = {652ED175-12A6-4EC1-9A4B-53F7CC9D111A}
		{4B03A3BA-673D-4F87-A457-E0C1FFD795BE} = {2FBB1F49-3415-4D3C-8AB7-F329ADF8E15A}
		{4DB8ADAB-C0E8-44E5-890E-3F10E6AC70DD} = {2FBB1F49-3415-4D3C-8AB7-F329ADF8E15A}
		{E0AFAABE-7FD9-4656-BB52-DC94A9C3EFFA} = {E1CAF66F-5B3F-4DAF-A090-54BD53952E84}
		{8F70B68B-7F87-46A6-8F91-004087061BC8} = {E1CAF66F-5B3F-4DAF-A090-54BD53952E84}
		{51616304-8A6C-4A64-9DBD-50208A1B84D1} = {7FD96DCF-DE38-46D0-AAFC-073CE5812F17}
		{8294A3D9-38C7-484E-880D-1294823D9F99} = {7FD96DCF-DE38-46D0-AAFC-073CE5812F17}
		{40025DC9-692D-46AD-8831-F79A6B76437C} = {8D65E44B-8A77-4999-9215-3063DC1449F8}
		{428020C7-5560-435A-835E-4AA5A165288D} = {8D65E44B-8A77-4999-9215-3063DC1449F8}
		{7BD68D6F-EEF7-47C5-B503-372CBC2BBCBD} = {2AF954C4-D7D9-4AA0-8537-6161B0D1C60C}
		{4186DD59-4B59-49F9-BA2D-3B2E0BDE1613} = {2AF954C4-D7D9-4AA0-8537-6161B0D1C60C}
		{CF82E3C6-48B5-4F0E-A582-99E2A6C46F06} = {652ED175-12A6-4EC1-9A4B-53F7CC9D111A}
		{BD41F239-9AA6-430D-ABD7-03455BB4A47B} = {652ED175-12A6-4EC1-9A4B-53F7CC9D111A}
		{7161A41D-4DFC-48B5-B69B-F2C73886C023} = {9941341F-1EAF-42DD-925F-7C861E823BDA}
		{D285A11E-3947-4F45-B53D-E8003E7D131E} = {7161A41D-4DFC-48B5-B69B-F2C73886C023}
		{BFE2800B-294D-4CA1-A718-C5EE37F1967B} = {7161A41D-4DFC-48B5-B69B-F2C73886C023}
		{51712C64-41F5-46E5-B0A9-AA0B32667015} = {D285A11E-3947-4F45-B53D-E8003E7D131E}
		{9D2383C1-54D8-4AD5-9B72-8B671CA827D0} = {D285A11E-3947-4F45-B53D-E8003E7D131E}
		{9FF6512E-D94A-4694-8450-629ED4FC64ED} = {D285A11E-3947-4F45-B53D-E8003E7D131E}
		{D068A0C8-9656-4392-A57B-E648074DE002} = {DA793277-9152-4F47-A174-1B6116F03520}
		{E09A3EE6-D851-4011-982F-B5202A8EFDAA} = {DA793277-9152-4F47-A174-1B6116F03520}
		{C9A7831B-4813-4161-BE5E-03B3D03BB643} = {EE1C62CE-E39B-4134-8A4F-64DB6A960D0D}
		{4BF2480A-41AA-46BC-AFEB-2AC4CBF7645D} = {EE1C62CE-E39B-4134-8A4F-64DB6A960D0D}
		{467DC390-D79A-4497-BD45-85F76CB59A96} = {D068A0C8-9656-4392-A57B-E648074DE002}
		{FF88CB11-EF0F-4A19-BC7C-F38729DE7CB5} = {D068A0C8-9656-4392-A57B-E648074DE002}
		{6B35CDD2-B5A9-4FBB-8EF6-7547D99F10BE} = {D068A0C8-9656-4392-A57B-E648074DE002}
		{EC42B0F6-54A1-4E21-A533-0B112541727B} = {C9A7831B-4813-4161-BE5E-03B3D03BB643}
		{1114ED44-3654-4A2D-9583-468E6B82A622} = {C9A7831B-4813-4161-BE5E-03B3D03BB643}
		{386EAB65-51E6-4F61-B80A-0E9015B0FC7C} = {C9A7831B-4813-4161-BE5E-03B3D03BB643}
		{519D875B-DB13-4CD2-8557-85B0CA34747F} = {9B464848-067E-4176-98FB-3B4078DECE29}
		{94BCF4C2-E28A-4CDC-A65B-C675F340025A} = {9B464848-067E-4176-98FB-3B4078DECE29}
		{747F720E-95FC-4FAF-B919-5254795748F8} = {9B464848-067E-4176-98FB-3B4078DECE29}
		{DE4324F4-335A-4B29-8CC2-CC774817049A} = {7FD751C0-76D7-49A4-9887-316380F8DED9}
		{9B38794A-0C9B-43A2-BA5C-A4ED2FAACCB1} = {9B464848-067E-4176-98FB-3B4078DECE29}
		{B96855C5-890B-4A75-B345-5BB8FDA65082} = {D285A11E-3947-4F45-B53D-E8003E7D131E}
		{BB8636EC-31E8-43EB-9B7F-8A47C8E9F2AF} = {9941341F-1EAF-42DD-925F-7C861E823BDA}
		{E1E578EF-D969-42D8-9AC7-6958FB4EDBEE} = {BB8636EC-31E8-43EB-9B7F-8A47C8E9F2AF}
		{78ED8FDA-3CCB-45E8-AB40-AA6D9A3ADFF5} = {BB8636EC-31E8-43EB-9B7F-8A47C8E9F2AF}
		{F48F15CD-1E1C-448C-BEB2-EC43C3A8A3AE} = {E1E578EF-D969-42D8-9AC7-6958FB4EDBEE}
		{196E344B-26A5-4EBB-86F4-8A2D93738FE8} = {E1E578EF-D969-42D8-9AC7-6958FB4EDBEE}
		{D85B5CB5-E301-4735-A5E9-BD73FD0D8B3A} = {E1E578EF-D969-42D8-9AC7-6958FB4EDBEE}
		{1B1C0674-4BD0-4689-B834-503F797CA0C3} = {E1E578EF-D969-42D8-9AC7-6958FB4EDBEE}
		{E9658103-61ED-4641-9B53-C113093F4694} = {2FBB1F49-3415-4D3C-8AB7-F329ADF8E15A}
		{493BB24C-7285-4303-BB91-377440F6DDB1} = {E1CAF66F-5B3F-4DAF-A090-54BD53952E84}
		{FA28BF60-082E-46C2-B694-94F590776842} = {7FD96DCF-DE38-46D0-AAFC-073CE5812F17}
		{F0BB2D81-DB33-4FD4-A44E-95DA8D884F62} = {8D65E44B-8A77-4999-9215-3063DC1449F8}
		{927AF0AD-24C7-49E1-9F97-6BC5DA54FA6B} = {2AF954C4-D7D9-4AA0-8537-6161B0D1C60C}
		{5AF603A2-F722-4CAB-980D-1DB8ECD4C504} = {652ED175-12A6-4EC1-9A4B-53F7CC9D111A}
		{236DFB56-0022-48B3-8FF4-14F4606EA882} = {F301866F-75D3-4E13-9878-DA3D64C0244C}
		{015C6BE5-41FE-43DF-A48C-62CC273A02B4} = {D068A0C8-9656-4392-A57B-E648074DE002}
		{26494001-A893-44F2-9A97-674BD3B85D5C} = {C9A7831B-4813-4161-BE5E-03B3D03BB643}
	EndGlobalSection
	GlobalSection(ExtensibilityGlobals) = postSolution
		SolutionGuid = {E93EB359-CDB9-425A-8064-77FF2DAE680D}
	EndGlobalSection
EndGlobal
